
Microsoft Visual Studio Solution File, Format Version 12.00
# Visual Studio Version 17
VisualStudioVersion = 17.5.2.0
MinimumVisualStudioVersion = 10.0.40219.1
Project("{FAE04EC0-301F-11D3-BF4B-00C04F79EFBC}") = "keyzee", "keyzee\keyzee.csproj", "{B3E64011-E020-E5C8-4B8D-217727366E9A}"
EndProject
Project("{FAE04EC0-301F-11D3-BF4B-00C04F79EFBC}") = "keyzee-tests", "keyzee-tests\keyzee-tests.csproj", "{B80956AA-89A5-720C-A10C-95CB9CE55333}"
EndProject
Project("{FAE04EC0-301F-11D3-BF4B-00C04F79EFBC}") = "keyzee-seeder", "keyzee-seeder\keyzee-seeder.csproj", "{30C66035-758B-44B8-9CD8-6237F846D487}"
EndProject
Project("{FAE04EC0-301F-11D3-BF4B-00C04F79EFBC}") = "intradotnet-cleanarchitecture", "..\intradotnet-cleanarchitecture\intradotnet-cleanarchitecture\intradotnet-cleanarchitecture.csproj", "{0C9B24CD-8BA6-4742-8682-FE07D1A5A9B9}"
EndProject
Project("{FAE04EC0-301F-11D3-BF4B-00C04F79EFBC}") = "keyzee-migrations-sqlserver", "keyzee-migrations-sqlserver\keyzee-migrations-sqlserver.csproj", "{73F73926-F22E-48B9-99AA-00377ABA794E}"
EndProject
Global
	GlobalSection(SolutionConfigurationPlatforms) = preSolution
		Debug|Any CPU = Debug|Any CPU
		Debug|x64 = Debug|x64
		Debug|x86 = Debug|x86
		Release|Any CPU = Release|Any CPU
		Release|x64 = Release|x64
		Release|x86 = Release|x86
	EndGlobalSection
	GlobalSection(ProjectConfigurationPlatforms) = postSolution
		{B3E64011-E020-E5C8-4B8D-217727366E9A}.Debug|Any CPU.ActiveCfg = Debug|Any CPU
		{B3E64011-E020-E5C8-4B8D-217727366E9A}.Debug|Any CPU.Build.0 = Debug|Any CPU
		{B3E64011-E020-E5C8-4B8D-217727366E9A}.Debug|x64.ActiveCfg = Debug|Any CPU
		{B3E64011-E020-E5C8-4B8D-217727366E9A}.Debug|x64.Build.0 = Debug|Any CPU
		{B3E64011-E020-E5C8-4B8D-217727366E9A}.Debug|x86.ActiveCfg = Debug|Any CPU
		{B3E64011-E020-E5C8-4B8D-217727366E9A}.Debug|x86.Build.0 = Debug|Any CPU
		{B3E64011-E020-E5C8-4B8D-217727366E9A}.Release|Any CPU.ActiveCfg = Release|Any CPU
		{B3E64011-E020-E5C8-4B8D-217727366E9A}.Release|Any CPU.Build.0 = Release|Any CPU
		{B3E64011-E020-E5C8-4B8D-217727366E9A}.Release|x64.ActiveCfg = Release|Any CPU
		{B3E64011-E020-E5C8-4B8D-217727366E9A}.Release|x64.Build.0 = Release|Any CPU
		{B3E64011-E020-E5C8-4B8D-217727366E9A}.Release|x86.ActiveCfg = Release|Any CPU
		{B3E64011-E020-E5C8-4B8D-217727366E9A}.Release|x86.Build.0 = Release|Any CPU
		{B80956AA-89A5-720C-A10C-95CB9CE55333}.Debug|Any CPU.ActiveCfg = Debug|Any CPU
		{B80956AA-89A5-720C-A10C-95CB9CE55333}.Debug|Any CPU.Build.0 = Debug|Any CPU
		{B80956AA-89A5-720C-A10C-95CB9CE55333}.Debug|x64.ActiveCfg = Debug|Any CPU
		{B80956AA-89A5-720C-A10C-95CB9CE55333}.Debug|x64.Build.0 = Debug|Any CPU
		{B80956AA-89A5-720C-A10C-95CB9CE55333}.Debug|x86.ActiveCfg = Debug|Any CPU
		{B80956AA-89A5-720C-A10C-95CB9CE55333}.Debug|x86.Build.0 = Debug|Any CPU
		{B80956AA-89A5-720C-A10C-95CB9CE55333}.Release|Any CPU.ActiveCfg = Release|Any CPU
		{B80956AA-89A5-720C-A10C-95CB9CE55333}.Release|Any CPU.Build.0 = Release|Any CPU
		{B80956AA-89A5-720C-A10C-95CB9CE55333}.Release|x64.ActiveCfg = Release|Any CPU
		{B80956AA-89A5-720C-A10C-95CB9CE55333}.Release|x64.Build.0 = Release|Any CPU
		{B80956AA-89A5-720C-A10C-95CB9CE55333}.Release|x86.ActiveCfg = Release|Any CPU
		{B80956AA-89A5-720C-A10C-95CB9CE55333}.Release|x86.Build.0 = Release|Any CPU
		{30C66035-758B-44B8-9CD8-6237F846D487}.Debug|Any CPU.ActiveCfg = Debug|Any CPU
		{30C66035-758B-44B8-9CD8-6237F846D487}.Debug|Any CPU.Build.0 = Debug|Any CPU
		{30C66035-758B-44B8-9CD8-6237F846D487}.Debug|x64.ActiveCfg = Debug|Any CPU
		{30C66035-758B-44B8-9CD8-6237F846D487}.Debug|x64.Build.0 = Debug|Any CPU
		{30C66035-758B-44B8-9CD8-6237F846D487}.Debug|x86.ActiveCfg = Debug|Any CPU
		{30C66035-758B-44B8-9CD8-6237F846D487}.Debug|x86.Build.0 = Debug|Any CPU
		{30C66035-758B-44B8-9CD8-6237F846D487}.Release|Any CPU.ActiveCfg = Release|Any CPU
		{30C66035-758B-44B8-9CD8-6237F846D487}.Release|Any CPU.Build.0 = Release|Any CPU
		{30C66035-758B-44B8-9CD8-6237F846D487}.Release|x64.ActiveCfg = Release|Any CPU
		{30C66035-758B-44B8-9CD8-6237F846D487}.Release|x64.Build.0 = Release|Any CPU
		{30C66035-758B-44B8-9CD8-6237F846D487}.Release|x86.ActiveCfg = Release|Any CPU
		{30C66035-758B-44B8-9CD8-6237F846D487}.Release|x86.Build.0 = Release|Any CPU
		{0C9B24CD-8BA6-4742-8682-FE07D1A5A9B9}.Debug|Any CPU.ActiveCfg = Debug|Any CPU
		{0C9B24CD-8BA6-4742-8682-FE07D1A5A9B9}.Debug|Any CPU.Build.0 = Debug|Any CPU
		{0C9B24CD-8BA6-4742-8682-FE07D1A5A9B9}.Debug|x64.ActiveCfg = Debug|Any CPU
		{0C9B24CD-8BA6-4742-8682-FE07D1A5A9B9}.Debug|x64.Build.0 = Debug|Any CPU
		{0C9B24CD-8BA6-4742-8682-FE07D1A5A9B9}.Debug|x86.ActiveCfg = Debug|Any CPU
		{0C9B24CD-8BA6-4742-8682-FE07D1A5A9B9}.Debug|x86.Build.0 = Debug|Any CPU
		{0C9B24CD-8BA6-4742-8682-FE07D1A5A9B9}.Release|Any CPU.ActiveCfg = Release|Any CPU
		{0C9B24CD-8BA6-4742-8682-FE07D1A5A9B9}.Release|Any CPU.Build.0 = Release|Any CPU
		{0C9B24CD-8BA6-4742-8682-FE07D1A5A9B9}.Release|x64.ActiveCfg = Release|Any CPU
		{0C9B24CD-8BA6-4742-8682-FE07D1A5A9B9}.Release|x64.Build.0 = Release|Any CPU
		{0C9B24CD-8BA6-4742-8682-FE07D1A5A9B9}.Release|x86.ActiveCfg = Release|Any CPU
		{0C9B24CD-8BA6-4742-8682-FE07D1A5A9B9}.Release|x86.Build.0 = Release|Any CPU
		{73F73926-F22E-48B9-99AA-00377ABA794E}.Debug|Any CPU.ActiveCfg = Debug|Any CPU
		{73F73926-F22E-48B9-99AA-00377ABA794E}.Debug|Any CPU.Build.0 = Debug|Any CPU
		{73F73926-F22E-48B9-99AA-00377ABA794E}.Debug|x64.ActiveCfg = Debug|Any CPU
		{73F73926-F22E-48B9-99AA-00377ABA794E}.Debug|x64.Build.0 = Debug|Any CPU
		{73F73926-F22E-48B9-99AA-00377ABA794E}.Debug|x86.ActiveCfg = Debug|Any CPU
		{73F73926-F22E-48B9-99AA-00377ABA794E}.Debug|x86.Build.0 = Debug|Any CPU
		{73F73926-F22E-48B9-99AA-00377ABA794E}.Release|Any CPU.ActiveCfg = Release|Any CPU
		{73F73926-F22E-48B9-99AA-00377ABA794E}.Release|Any CPU.Build.0 = Release|Any CPU
		{73F73926-F22E-48B9-99AA-00377ABA794E}.Release|x64.ActiveCfg = Release|Any CPU
		{73F73926-F22E-48B9-99AA-00377ABA794E}.Release|x64.Build.0 = Release|Any CPU
		{73F73926-F22E-48B9-99AA-00377ABA794E}.Release|x86.ActiveCfg = Release|Any CPU
		{73F73926-F22E-48B9-99AA-00377ABA794E}.Release|x86.Build.0 = Release|Any CPU
	EndGlobalSection
	GlobalSection(SolutionProperties) = preSolution
		HideSolutionNode = FALSE
	EndGlobalSection
	GlobalSection(ExtensibilityGlobals) = postSolution
		SolutionGuid = {82304E33-B885-4BD5-8941-C0125D19D4D8}
	EndGlobalSection
EndGlobal
