
Microsoft Visual Studio Solution File, Format Version 12.00
# Visual Studio Version 17
VisualStudioVersion = 17.5.2.0
MinimumVisualStudioVersion = 10.0.40219.1
Project("{FAE04EC0-301F-11D3-BF4B-00C04F79EFBC}") = "keyzee", "keyzee\keyzee.csproj", "{B3E64011-E020-E5C8-4B8D-217727366E9A}"
EndProject
Project("{FAE04EC0-301F-11D3-BF4B-00C04F79EFBC}") = "keyzee-tests", "keyzee-tests\keyzee-tests.csproj", "{B80956AA-89A5-720C-A10C-95CB9CE55333}"
EndProject
Project("{FAE04EC0-301F-11D3-BF4B-00C04F79EFBC}") = "keyzee-migrations-sqlserver", "keyzee-migrations-sqlserver\keyzee-migrations-sqlserver.csproj", "{5A6B0F38-01D4-4CB3-B524-B1A0D4C8691D}"
EndProject
Project("{FAE04EC0-301F-11D3-BF4B-00C04F79EFBC}") = "keyzee-migrations-sqlite", "keyzee-migrations-sqlite\keyzee-migrations-sqlite.csproj", "{1FA68466-514E-49FC-AADB-8D5B3353E14E}"
EndProject
Project("{FAE04EC0-301F-11D3-BF4B-00C04F79EFBC}") = "keyzee-migrations-postgresql", "keyzee-migrations-postgresql\keyzee-migrations-postgresql.csproj", "{DACF8584-E484-41F3-9D20-137B0027C45B}"
EndProject
Global
	GlobalSection(SolutionConfigurationPlatforms) = preSolution
		Debug|Any CPU = Debug|Any CPU
		Debug|x64 = Debug|x64
		Debug|x86 = Debug|x86
		Release|Any CPU = Release|Any CPU
		Release|x64 = Release|x64
		Release|x86 = Release|x86
	EndGlobalSection
	GlobalSection(ProjectConfigurationPlatforms) = postSolution
		{B3E64011-E020-E5C8-4B8D-217727366E9A}.Debug|Any CPU.ActiveCfg = Debug|Any CPU
		{B3E64011-E020-E5C8-4B8D-217727366E9A}.Debug|Any CPU.Build.0 = Debug|Any CPU
		{B3E64011-E020-E5C8-4B8D-217727366E9A}.Debug|x64.ActiveCfg = Debug|Any CPU
		{B3E64011-E020-E5C8-4B8D-217727366E9A}.Debug|x64.Build.0 = Debug|Any CPU
		{B3E64011-E020-E5C8-4B8D-217727366E9A}.Debug|x86.ActiveCfg = Debug|Any CPU
		{B3E64011-E020-E5C8-4B8D-217727366E9A}.Debug|x86.Build.0 = Debug|Any CPU
		{B3E64011-E020-E5C8-4B8D-217727366E9A}.Release|Any CPU.ActiveCfg = Release|Any CPU
		{B3E64011-E020-E5C8-4B8D-217727366E9A}.Release|Any CPU.Build.0 = Release|Any CPU
		{B3E64011-E020-E5C8-4B8D-217727366E9A}.Release|x64.ActiveCfg = Release|Any CPU
		{B3E64011-E020-E5C8-4B8D-217727366E9A}.Release|x64.Build.0 = Release|Any CPU
		{B3E64011-E020-E5C8-4B8D-217727366E9A}.Release|x86.ActiveCfg = Release|Any CPU
		{B3E64011-E020-E5C8-4B8D-217727366E9A}.Release|x86.Build.0 = Release|Any CPU
		{B80956AA-89A5-720C-A10C-95CB9CE55333}.Debug|Any CPU.ActiveCfg = Debug|Any CPU
		{B80956AA-89A5-720C-A10C-95CB9CE55333}.Debug|Any CPU.Build.0 = Debug|Any CPU
		{B80956AA-89A5-720C-A10C-95CB9CE55333}.Debug|x64.ActiveCfg = Debug|Any CPU
		{B80956AA-89A5-720C-A10C-95CB9CE55333}.Debug|x64.Build.0 = Debug|Any CPU
		{B80956AA-89A5-720C-A10C-95CB9CE55333}.Debug|x86.ActiveCfg = Debug|Any CPU
		{B80956AA-89A5-720C-A10C-95CB9CE55333}.Debug|x86.Build.0 = Debug|Any CPU
		{B80956AA-89A5-720C-A10C-95CB9CE55333}.Release|Any CPU.ActiveCfg = Release|Any CPU
		{B80956AA-89A5-720C-A10C-95CB9CE55333}.Release|Any CPU.Build.0 = Release|Any CPU
		{B80956AA-89A5-720C-A10C-95CB9CE55333}.Release|x64.ActiveCfg = Release|Any CPU
		{B80956AA-89A5-720C-A10C-95CB9CE55333}.Release|x64.Build.0 = Release|Any CPU
		{B80956AA-89A5-720C-A10C-95CB9CE55333}.Release|x86.ActiveCfg = Release|Any CPU
		{B80956AA-89A5-720C-A10C-95CB9CE55333}.Release|x86.Build.0 = Release|Any CPU
		{5A6B0F38-01D4-4CB3-B524-B1A0D4C8691D}.Debug|Any CPU.ActiveCfg = Debug|Any CPU
		{5A6B0F38-01D4-4CB3-B524-B1A0D4C8691D}.Debug|Any CPU.Build.0 = Debug|Any CPU
		{5A6B0F38-01D4-4CB3-B524-B1A0D4C8691D}.Debug|x64.ActiveCfg = Debug|Any CPU
		{5A6B0F38-01D4-4CB3-B524-B1A0D4C8691D}.Debug|x64.Build.0 = Debug|Any CPU
		{5A6B0F38-01D4-4CB3-B524-B1A0D4C8691D}.Debug|x86.ActiveCfg = Debug|Any CPU
		{5A6B0F38-01D4-4CB3-B524-B1A0D4C8691D}.Debug|x86.Build.0 = Debug|Any CPU
		{5A6B0F38-01D4-4CB3-B524-B1A0D4C8691D}.Release|Any CPU.ActiveCfg = Release|Any CPU
		{5A6B0F38-01D4-4CB3-B524-B1A0D4C8691D}.Release|Any CPU.Build.0 = Release|Any CPU
		{5A6B0F38-01D4-4CB3-B524-B1A0D4C8691D}.Release|x64.ActiveCfg = Release|Any CPU
		{5A6B0F38-01D4-4CB3-B524-B1A0D4C8691D}.Release|x64.Build.0 = Release|Any CPU
		{5A6B0F38-01D4-4CB3-B524-B1A0D4C8691D}.Release|x86.ActiveCfg = Release|Any CPU
		{5A6B0F38-01D4-4CB3-B524-B1A0D4C8691D}.Release|x86.Build.0 = Release|Any CPU
		{1FA68466-514E-49FC-AADB-8D5B3353E14E}.Debug|Any CPU.ActiveCfg = Debug|Any CPU
		{1FA68466-514E-49FC-AADB-8D5B3353E14E}.Debug|Any CPU.Build.0 = Debug|Any CPU
		{1FA68466-514E-49FC-AADB-8D5B3353E14E}.Debug|x64.ActiveCfg = Debug|Any CPU
		{1FA68466-514E-49FC-AADB-8D5B3353E14E}.Debug|x64.Build.0 = Debug|Any CPU
		{1FA68466-514E-49FC-AADB-8D5B3353E14E}.Debug|x86.ActiveCfg = Debug|Any CPU
		{1FA68466-514E-49FC-AADB-8D5B3353E14E}.Debug|x86.Build.0 = Debug|Any CPU
		{1FA68466-514E-49FC-AADB-8D5B3353E14E}.Release|Any CPU.ActiveCfg = Release|Any CPU
		{1FA68466-514E-49FC-AADB-8D5B3353E14E}.Release|Any CPU.Build.0 = Release|Any CPU
		{1FA68466-514E-49FC-AADB-8D5B3353E14E}.Release|x64.ActiveCfg = Release|Any CPU
		{1FA68466-514E-49FC-AADB-8D5B3353E14E}.Release|x64.Build.0 = Release|Any CPU
		{1FA68466-514E-49FC-AADB-8D5B3353E14E}.Release|x86.ActiveCfg = Release|Any CPU
		{1FA68466-514E-49FC-AADB-8D5B3353E14E}.Release|x86.Build.0 = Release|Any CPU
		{DACF8584-E484-41F3-9D20-137B0027C45B}.Debug|Any CPU.ActiveCfg = Debug|Any CPU
		{DACF8584-E484-41F3-9D20-137B0027C45B}.Debug|Any CPU.Build.0 = Debug|Any CPU
		{DACF8584-E484-41F3-9D20-137B0027C45B}.Debug|x64.ActiveCfg = Debug|Any CPU
		{DACF8584-E484-41F3-9D20-137B0027C45B}.Debug|x64.Build.0 = Debug|Any CPU
		{DACF8584-E484-41F3-9D20-137B0027C45B}.Debug|x86.ActiveCfg = Debug|Any CPU
		{DACF8584-E484-41F3-9D20-137B0027C45B}.Debug|x86.Build.0 = Debug|Any CPU
		{DACF8584-E484-41F3-9D20-137B0027C45B}.Release|Any CPU.ActiveCfg = Release|Any CPU
		{DACF8584-E484-41F3-9D20-137B0027C45B}.Release|Any CPU.Build.0 = Release|Any CPU
		{DACF8584-E484-41F3-9D20-137B0027C45B}.Release|x64.ActiveCfg = Release|Any CPU
		{DACF8584-E484-41F3-9D20-137B0027C45B}.Release|x64.Build.0 = Release|Any CPU
		{DACF8584-E484-41F3-9D20-137B0027C45B}.Release|x86.ActiveCfg = Release|Any CPU
		{DACF8584-E484-41F3-9D20-137B0027C45B}.Release|x86.Build.0 = Release|Any CPU
	EndGlobalSection
	GlobalSection(SolutionProperties) = preSolution
		HideSolutionNode = FALSE
	EndGlobalSection
	GlobalSection(ExtensibilityGlobals) = postSolution
		SolutionGuid = {82304E33-B885-4BD5-8941-C0125D19D4D8}
	EndGlobalSection
EndGlobal
